
Microsoft Visual Studio Solution File, Format Version 12.00
# Visual Studio Version 17
VisualStudioVersion = 17.9.34714.143
MinimumVisualStudioVersion = 10.0.40219.1
Project("{9A19103F-16F7-4668-BE54-9A1E7A4F7556}") = "EngineSimulationLibrary", "EngineSimulationLibrary\EngineSimulationLibrary.csproj", "{9DE3BC8C-846F-4208-ABB9-823A0B8CEB7E}"
EndProject
Project("{9A19103F-16F7-4668-BE54-9A1E7A4F7556}") = "ConsoleEngineTests", "ConsoleEngineTests\ConsoleEngineTests.csproj", "{221FD5A9-449C-4BA5-8023-0C13E6847817}"
EndProject
Project("{9A19103F-16F7-4668-BE54-9A1E7A4F7556}") = "WPFEngineTests", "WPFEngineTests\WPFEngineTests.csproj", "{A669C847-1C9E-4B96-AA05-CE2620C516B2}"
EndProject
Project("{2150E333-8FDC-42A3-9474-1A3956D46DE8}") = "Solution Items", "Solution Items", "{F60F3492-8B53-4751-B3E9-BB10D24A6707}"
	ProjectSection(SolutionItems) = preProject
		Technical task.pdf = Technical task.pdf
	EndProjectSection
EndProject
Global
	GlobalSection(SolutionConfigurationPlatforms) = preSolution
		Debug|Any CPU = Debug|Any CPU
		Debug|ARM = Debug|ARM
		Debug|ARM64 = Debug|ARM64
		Debug|x64 = Debug|x64
		Debug|x86 = Debug|x86
		Release|Any CPU = Release|Any CPU
		Release|ARM = Release|ARM
		Release|ARM64 = Release|ARM64
		Release|x64 = Release|x64
		Release|x86 = Release|x86
	EndGlobalSection
	GlobalSection(ProjectConfigurationPlatforms) = postSolution
		{9DE3BC8C-846F-4208-ABB9-823A0B8CEB7E}.Debug|Any CPU.ActiveCfg = Debug|Any CPU
		{9DE3BC8C-846F-4208-ABB9-823A0B8CEB7E}.Debug|Any CPU.Build.0 = Debug|Any CPU
		{9DE3BC8C-846F-4208-ABB9-823A0B8CEB7E}.Debug|ARM.ActiveCfg = Debug|Any CPU
		{9DE3BC8C-846F-4208-ABB9-823A0B8CEB7E}.Debug|ARM.Build.0 = Debug|Any CPU
		{9DE3BC8C-846F-4208-ABB9-823A0B8CEB7E}.Debug|ARM64.ActiveCfg = Debug|Any CPU
		{9DE3BC8C-846F-4208-ABB9-823A0B8CEB7E}.Debug|ARM64.Build.0 = Debug|Any CPU
		{9DE3BC8C-846F-4208-ABB9-823A0B8CEB7E}.Debug|x64.ActiveCfg = Debug|Any CPU
		{9DE3BC8C-846F-4208-ABB9-823A0B8CEB7E}.Debug|x64.Build.0 = Debug|Any CPU
		{9DE3BC8C-846F-4208-ABB9-823A0B8CEB7E}.Debug|x86.ActiveCfg = Debug|Any CPU
		{9DE3BC8C-846F-4208-ABB9-823A0B8CEB7E}.Debug|x86.Build.0 = Debug|Any CPU
		{9DE3BC8C-846F-4208-ABB9-823A0B8CEB7E}.Release|Any CPU.ActiveCfg = Release|Any CPU
		{9DE3BC8C-846F-4208-ABB9-823A0B8CEB7E}.Release|Any CPU.Build.0 = Release|Any CPU
		{9DE3BC8C-846F-4208-ABB9-823A0B8CEB7E}.Release|ARM.ActiveCfg = Release|Any CPU
		{9DE3BC8C-846F-4208-ABB9-823A0B8CEB7E}.Release|ARM.Build.0 = Release|Any CPU
		{9DE3BC8C-846F-4208-ABB9-823A0B8CEB7E}.Release|ARM64.ActiveCfg = Release|Any CPU
		{9DE3BC8C-846F-4208-ABB9-823A0B8CEB7E}.Release|ARM64.Build.0 = Release|Any CPU
		{9DE3BC8C-846F-4208-ABB9-823A0B8CEB7E}.Release|x64.ActiveCfg = Release|Any CPU
		{9DE3BC8C-846F-4208-ABB9-823A0B8CEB7E}.Release|x64.Build.0 = Release|Any CPU
		{9DE3BC8C-846F-4208-ABB9-823A0B8CEB7E}.Release|x86.ActiveCfg = Release|Any CPU
		{9DE3BC8C-846F-4208-ABB9-823A0B8CEB7E}.Release|x86.Build.0 = Release|Any CPU
		{221FD5A9-449C-4BA5-8023-0C13E6847817}.Debug|Any CPU.ActiveCfg = Debug|Any CPU
		{221FD5A9-449C-4BA5-8023-0C13E6847817}.Debug|Any CPU.Build.0 = Debug|Any CPU
		{221FD5A9-449C-4BA5-8023-0C13E6847817}.Debug|ARM.ActiveCfg = Debug|Any CPU
		{221FD5A9-449C-4BA5-8023-0C13E6847817}.Debug|ARM.Build.0 = Debug|Any CPU
		{221FD5A9-449C-4BA5-8023-0C13E6847817}.Debug|ARM64.ActiveCfg = Debug|Any CPU
		{221FD5A9-449C-4BA5-8023-0C13E6847817}.Debug|ARM64.Build.0 = Debug|Any CPU
		{221FD5A9-449C-4BA5-8023-0C13E6847817}.Debug|x64.ActiveCfg = Debug|Any CPU
		{221FD5A9-449C-4BA5-8023-0C13E6847817}.Debug|x64.Build.0 = Debug|Any CPU
		{221FD5A9-449C-4BA5-8023-0C13E6847817}.Debug|x86.ActiveCfg = Debug|Any CPU
		{221FD5A9-449C-4BA5-8023-0C13E6847817}.Debug|x86.Build.0 = Debug|Any CPU
		{221FD5A9-449C-4BA5-8023-0C13E6847817}.Release|Any CPU.ActiveCfg = Release|Any CPU
		{221FD5A9-449C-4BA5-8023-0C13E6847817}.Release|Any CPU.Build.0 = Release|Any CPU
		{221FD5A9-449C-4BA5-8023-0C13E6847817}.Release|ARM.ActiveCfg = Release|Any CPU
		{221FD5A9-449C-4BA5-8023-0C13E6847817}.Release|ARM.Build.0 = Release|Any CPU
		{221FD5A9-449C-4BA5-8023-0C13E6847817}.Release|ARM64.ActiveCfg = Release|Any CPU
		{221FD5A9-449C-4BA5-8023-0C13E6847817}.Release|ARM64.Build.0 = Release|Any CPU
		{221FD5A9-449C-4BA5-8023-0C13E6847817}.Release|x64.ActiveCfg = Release|Any CPU
		{221FD5A9-449C-4BA5-8023-0C13E6847817}.Release|x64.Build.0 = Release|Any CPU
		{221FD5A9-449C-4BA5-8023-0C13E6847817}.Release|x86.ActiveCfg = Release|Any CPU
		{221FD5A9-449C-4BA5-8023-0C13E6847817}.Release|x86.Build.0 = Release|Any CPU
		{A669C847-1C9E-4B96-AA05-CE2620C516B2}.Debug|Any CPU.ActiveCfg = Debug|Any CPU
		{A669C847-1C9E-4B96-AA05-CE2620C516B2}.Debug|Any CPU.Build.0 = Debug|Any CPU
		{A669C847-1C9E-4B96-AA05-CE2620C516B2}.Debug|ARM.ActiveCfg = Debug|Any CPU
		{A669C847-1C9E-4B96-AA05-CE2620C516B2}.Debug|ARM.Build.0 = Debug|Any CPU
		{A669C847-1C9E-4B96-AA05-CE2620C516B2}.Debug|ARM64.ActiveCfg = Debug|Any CPU
		{A669C847-1C9E-4B96-AA05-CE2620C516B2}.Debug|ARM64.Build.0 = Debug|Any CPU
		{A669C847-1C9E-4B96-AA05-CE2620C516B2}.Debug|x64.ActiveCfg = Debug|Any CPU
		{A669C847-1C9E-4B96-AA05-CE2620C516B2}.Debug|x64.Build.0 = Debug|Any CPU
		{A669C847-1C9E-4B96-AA05-CE2620C516B2}.Debug|x86.ActiveCfg = Debug|Any CPU
		{A669C847-1C9E-4B96-AA05-CE2620C516B2}.Debug|x86.Build.0 = Debug|Any CPU
		{A669C847-1C9E-4B96-AA05-CE2620C516B2}.Release|Any CPU.ActiveCfg = Release|Any CPU
		{A669C847-1C9E-4B96-AA05-CE2620C516B2}.Release|Any CPU.Build.0 = Release|Any CPU
		{A669C847-1C9E-4B96-AA05-CE2620C516B2}.Release|ARM.ActiveCfg = Release|Any CPU
		{A669C847-1C9E-4B96-AA05-CE2620C516B2}.Release|ARM.Build.0 = Release|Any CPU
		{A669C847-1C9E-4B96-AA05-CE2620C516B2}.Release|ARM64.ActiveCfg = Release|Any CPU
		{A669C847-1C9E-4B96-AA05-CE2620C516B2}.Release|ARM64.Build.0 = Release|Any CPU
		{A669C847-1C9E-4B96-AA05-CE2620C516B2}.Release|x64.ActiveCfg = Release|Any CPU
		{A669C847-1C9E-4B96-AA05-CE2620C516B2}.Release|x64.Build.0 = Release|Any CPU
		{A669C847-1C9E-4B96-AA05-CE2620C516B2}.Release|x86.ActiveCfg = Release|Any CPU
		{A669C847-1C9E-4B96-AA05-CE2620C516B2}.Release|x86.Build.0 = Release|Any CPU
	EndGlobalSection
	GlobalSection(SolutionProperties) = preSolution
		HideSolutionNode = FALSE
	EndGlobalSection
	GlobalSection(ExtensibilityGlobals) = postSolution
		SolutionGuid = {DECB4C5B-9910-41DC-806C-B954E445A19A}
	EndGlobalSection
EndGlobal
